
Microsoft Visual Studio Solution File, Format Version 12.00
# Visual Studio Version 17
VisualStudioVersion = 17.1.32407.343
MinimumVisualStudioVersion = 10.0.40219.1
Project("{8BC9CEB8-8B4A-11D0-8D11-00A0C91BC942}") = "CGT 215 LAB 7-EVAN YODER", "CGT 215 LAB 7-EVAN YODER.vcxproj", "{3F10911F-23C1-4FF8-80E9-670A07F9E62C}"
EndProject
Global
	GlobalSection(SolutionConfigurationPlatforms) = preSolution
		Debug|x64 = Debug|x64
		Debug|x86 = Debug|x86
		Release|x64 = Release|x64
		Release|x86 = Release|x86
	EndGlobalSection
	GlobalSection(ProjectConfigurationPlatforms) = postSolution
		{3F10911F-23C1-4FF8-80E9-670A07F9E62C}.Debug|x64.ActiveCfg = Debug|x64
		{3F10911F-23C1-4FF8-80E9-670A07F9E62C}.Debug|x64.Build.0 = Debug|x64
		{3F10911F-23C1-4FF8-80E9-670A07F9E62C}.Debug|x86.ActiveCfg = Debug|Win32
		{3F10911F-23C1-4FF8-80E9-670A07F9E62C}.Debug|x86.Build.0 = Debug|Win32
		{3F10911F-23C1-4FF8-80E9-670A07F9E62C}.Release|x64.ActiveCfg = Release|x64
		{3F10911F-23C1-4FF8-80E9-670A07F9E62C}.Release|x64.Build.0 = Release|x64
		{3F10911F-23C1-4FF8-80E9-670A07F9E62C}.Release|x86.ActiveCfg = Release|Win32
		{3F10911F-23C1-4FF8-80E9-670A07F9E62C}.Release|x86.Build.0 = Release|Win32
	EndGlobalSection
	GlobalSection(SolutionProperties) = preSolution
		HideSolutionNode = FALSE
	EndGlobalSection
	GlobalSection(ExtensibilityGlobals) = postSolution
		SolutionGuid = {DA5DAFD6-F026-44EC-9804-91C89B2F0C62}
	EndGlobalSection
EndGlobal
